
Microsoft Visual Studio Solution File, Format Version 12.00
# Visual Studio 15
VisualStudioVersion = 15.0.27428.2043
MinimumVisualStudioVersion = 10.0.40219.1
Project("{FAE04EC0-301F-11D3-BF4B-00C04F79EFBC}") = "ValiVisionV2.Android", "ValiVisionV2\ValiVisionV2.Android\ValiVisionV2.Android.csproj", "{2932D3F8-DD63-43E1-94E6-2B14D568FD94}"
EndProject
Project("{FAE04EC0-301F-11D3-BF4B-00C04F79EFBC}") = "ValiVisionV2.UWP", "ValiVisionV2\ValiVisionV2.UWP\ValiVisionV2.UWP.csproj", "{2FADF5FB-C9C7-47E3-B4A9-A483EC86108C}"
EndProject
Project("{9A19103F-16F7-4668-BE54-9A1E7A4F7556}") = "ValiVisionV2", "ValiVisionV2\ValiVisionV2\ValiVisionV2.csproj", "{66750CFB-B3C3-4621-93F3-CB74216BF5AC}"
EndProject
Project("{FAE04EC0-301F-11D3-BF4B-00C04F79EFBC}") = "ValiVisionV2.iOS", "ValiVisionV2\ValiVisionV2.iOS\ValiVisionV2.iOS.csproj", "{8FCA78EB-CDC8-4C76-ABC9-EF0DF9B08006}"
EndProject
Global
	GlobalSection(SolutionConfigurationPlatforms) = preSolution
		Ad-Hoc|Any CPU = Ad-Hoc|Any CPU
		Ad-Hoc|ARM = Ad-Hoc|ARM
		Ad-Hoc|iPhone = Ad-Hoc|iPhone
		Ad-Hoc|iPhoneSimulator = Ad-Hoc|iPhoneSimulator
		Ad-Hoc|x64 = Ad-Hoc|x64
		Ad-Hoc|x86 = Ad-Hoc|x86
		AppStore|Any CPU = AppStore|Any CPU
		AppStore|ARM = AppStore|ARM
		AppStore|iPhone = AppStore|iPhone
		AppStore|iPhoneSimulator = AppStore|iPhoneSimulator
		AppStore|x64 = AppStore|x64
		AppStore|x86 = AppStore|x86
		Debug|Any CPU = Debug|Any CPU
		Debug|ARM = Debug|ARM
		Debug|iPhone = Debug|iPhone
		Debug|iPhoneSimulator = Debug|iPhoneSimulator
		Debug|x64 = Debug|x64
		Debug|x86 = Debug|x86
		Release|Any CPU = Release|Any CPU
		Release|ARM = Release|ARM
		Release|iPhone = Release|iPhone
		Release|iPhoneSimulator = Release|iPhoneSimulator
		Release|x64 = Release|x64
		Release|x86 = Release|x86
	EndGlobalSection
	GlobalSection(ProjectConfigurationPlatforms) = postSolution
		{2932D3F8-DD63-43E1-94E6-2B14D568FD94}.Ad-Hoc|Any CPU.ActiveCfg = Release|Any CPU
		{2932D3F8-DD63-43E1-94E6-2B14D568FD94}.Ad-Hoc|Any CPU.Build.0 = Release|Any CPU
		{2932D3F8-DD63-43E1-94E6-2B14D568FD94}.Ad-Hoc|Any CPU.Deploy.0 = Release|Any CPU
		{2932D3F8-DD63-43E1-94E6-2B14D568FD94}.Ad-Hoc|ARM.ActiveCfg = Release|Any CPU
		{2932D3F8-DD63-43E1-94E6-2B14D568FD94}.Ad-Hoc|ARM.Build.0 = Release|Any CPU
		{2932D3F8-DD63-43E1-94E6-2B14D568FD94}.Ad-Hoc|ARM.Deploy.0 = Release|Any CPU
		{2932D3F8-DD63-43E1-94E6-2B14D568FD94}.Ad-Hoc|iPhone.ActiveCfg = Release|Any CPU
		{2932D3F8-DD63-43E1-94E6-2B14D568FD94}.Ad-Hoc|iPhone.Build.0 = Release|Any CPU
		{2932D3F8-DD63-43E1-94E6-2B14D568FD94}.Ad-Hoc|iPhone.Deploy.0 = Release|Any CPU
		{2932D3F8-DD63-43E1-94E6-2B14D568FD94}.Ad-Hoc|iPhoneSimulator.ActiveCfg = Release|Any CPU
		{2932D3F8-DD63-43E1-94E6-2B14D568FD94}.Ad-Hoc|iPhoneSimulator.Build.0 = Release|Any CPU
		{2932D3F8-DD63-43E1-94E6-2B14D568FD94}.Ad-Hoc|iPhoneSimulator.Deploy.0 = Release|Any CPU
		{2932D3F8-DD63-43E1-94E6-2B14D568FD94}.Ad-Hoc|x64.ActiveCfg = Release|Any CPU
		{2932D3F8-DD63-43E1-94E6-2B14D568FD94}.Ad-Hoc|x64.Build.0 = Release|Any CPU
		{2932D3F8-DD63-43E1-94E6-2B14D568FD94}.Ad-Hoc|x64.Deploy.0 = Release|Any CPU
		{2932D3F8-DD63-43E1-94E6-2B14D568FD94}.Ad-Hoc|x86.ActiveCfg = Release|Any CPU
		{2932D3F8-DD63-43E1-94E6-2B14D568FD94}.Ad-Hoc|x86.Build.0 = Release|Any CPU
		{2932D3F8-DD63-43E1-94E6-2B14D568FD94}.Ad-Hoc|x86.Deploy.0 = Release|Any CPU
		{2932D3F8-DD63-43E1-94E6-2B14D568FD94}.AppStore|Any CPU.ActiveCfg = Release|Any CPU
		{2932D3F8-DD63-43E1-94E6-2B14D568FD94}.AppStore|Any CPU.Build.0 = Release|Any CPU
		{2932D3F8-DD63-43E1-94E6-2B14D568FD94}.AppStore|Any CPU.Deploy.0 = Release|Any CPU
		{2932D3F8-DD63-43E1-94E6-2B14D568FD94}.AppStore|ARM.ActiveCfg = Release|Any CPU
		{2932D3F8-DD63-43E1-94E6-2B14D568FD94}.AppStore|ARM.Build.0 = Release|Any CPU
		{2932D3F8-DD63-43E1-94E6-2B14D568FD94}.AppStore|ARM.Deploy.0 = Release|Any CPU
		{2932D3F8-DD63-43E1-94E6-2B14D568FD94}.AppStore|iPhone.ActiveCfg = Release|Any CPU
		{2932D3F8-DD63-43E1-94E6-2B14D568FD94}.AppStore|iPhone.Build.0 = Release|Any CPU
		{2932D3F8-DD63-43E1-94E6-2B14D568FD94}.AppStore|iPhone.Deploy.0 = Release|Any CPU
		{2932D3F8-DD63-43E1-94E6-2B14D568FD94}.AppStore|iPhoneSimulator.ActiveCfg = Release|Any CPU
		{2932D3F8-DD63-43E1-94E6-2B14D568FD94}.AppStore|iPhoneSimulator.Build.0 = Release|Any CPU
		{2932D3F8-DD63-43E1-94E6-2B14D568FD94}.AppStore|iPhoneSimulator.Deploy.0 = Release|Any CPU
		{2932D3F8-DD63-43E1-94E6-2B14D568FD94}.AppStore|x64.ActiveCfg = Release|Any CPU
		{2932D3F8-DD63-43E1-94E6-2B14D568FD94}.AppStore|x64.Build.0 = Release|Any CPU
		{2932D3F8-DD63-43E1-94E6-2B14D568FD94}.AppStore|x64.Deploy.0 = Release|Any CPU
		{2932D3F8-DD63-43E1-94E6-2B14D568FD94}.AppStore|x86.ActiveCfg = Release|Any CPU
		{2932D3F8-DD63-43E1-94E6-2B14D568FD94}.AppStore|x86.Build.0 = Release|Any CPU
		{2932D3F8-DD63-43E1-94E6-2B14D568FD94}.AppStore|x86.Deploy.0 = Release|Any CPU
		{2932D3F8-DD63-43E1-94E6-2B14D568FD94}.Debug|Any CPU.ActiveCfg = Debug|Any CPU
		{2932D3F8-DD63-43E1-94E6-2B14D568FD94}.Debug|Any CPU.Build.0 = Debug|Any CPU
		{2932D3F8-DD63-43E1-94E6-2B14D568FD94}.Debug|Any CPU.Deploy.0 = Debug|Any CPU
		{2932D3F8-DD63-43E1-94E6-2B14D568FD94}.Debug|ARM.ActiveCfg = Debug|Any CPU
		{2932D3F8-DD63-43E1-94E6-2B14D568FD94}.Debug|ARM.Build.0 = Debug|Any CPU
		{2932D3F8-DD63-43E1-94E6-2B14D568FD94}.Debug|ARM.Deploy.0 = Debug|Any CPU
		{2932D3F8-DD63-43E1-94E6-2B14D568FD94}.Debug|iPhone.ActiveCfg = Debug|Any CPU
		{2932D3F8-DD63-43E1-94E6-2B14D568FD94}.Debug|iPhone.Build.0 = Debug|Any CPU
		{2932D3F8-DD63-43E1-94E6-2B14D568FD94}.Debug|iPhone.Deploy.0 = Debug|Any CPU
		{2932D3F8-DD63-43E1-94E6-2B14D568FD94}.Debug|iPhoneSimulator.ActiveCfg = Debug|Any CPU
		{2932D3F8-DD63-43E1-94E6-2B14D568FD94}.Debug|iPhoneSimulator.Build.0 = Debug|Any CPU
		{2932D3F8-DD63-43E1-94E6-2B14D568FD94}.Debug|iPhoneSimulator.Deploy.0 = Debug|Any CPU
		{2932D3F8-DD63-43E1-94E6-2B14D568FD94}.Debug|x64.ActiveCfg = Debug|Any CPU
		{2932D3F8-DD63-43E1-94E6-2B14D568FD94}.Debug|x64.Build.0 = Debug|Any CPU
		{2932D3F8-DD63-43E1-94E6-2B14D568FD94}.Debug|x64.Deploy.0 = Debug|Any CPU
		{2932D3F8-DD63-43E1-94E6-2B14D568FD94}.Debug|x86.ActiveCfg = Debug|Any CPU
		{2932D3F8-DD63-43E1-94E6-2B14D568FD94}.Debug|x86.Build.0 = Debug|Any CPU
		{2932D3F8-DD63-43E1-94E6-2B14D568FD94}.Debug|x86.Deploy.0 = Debug|Any CPU
		{2932D3F8-DD63-43E1-94E6-2B14D568FD94}.Release|Any CPU.ActiveCfg = Release|Any CPU
		{2932D3F8-DD63-43E1-94E6-2B14D568FD94}.Release|Any CPU.Build.0 = Release|Any CPU
		{2932D3F8-DD63-43E1-94E6-2B14D568FD94}.Release|Any CPU.Deploy.0 = Release|Any CPU
		{2932D3F8-DD63-43E1-94E6-2B14D568FD94}.Release|ARM.ActiveCfg = Release|Any CPU
		{2932D3F8-DD63-43E1-94E6-2B14D568FD94}.Release|ARM.Build.0 = Release|Any CPU
		{2932D3F8-DD63-43E1-94E6-2B14D568FD94}.Release|ARM.Deploy.0 = Release|Any CPU
		{2932D3F8-DD63-43E1-94E6-2B14D568FD94}.Release|iPhone.ActiveCfg = Release|Any CPU
		{2932D3F8-DD63-43E1-94E6-2B14D568FD94}.Release|iPhone.Build.0 = Release|Any CPU
		{2932D3F8-DD63-43E1-94E6-2B14D568FD94}.Release|iPhone.Deploy.0 = Release|Any CPU
		{2932D3F8-DD63-43E1-94E6-2B14D568FD94}.Release|iPhoneSimulator.ActiveCfg = Release|Any CPU
		{2932D3F8-DD63-43E1-94E6-2B14D568FD94}.Release|iPhoneSimulator.Build.0 = Release|Any CPU
		{2932D3F8-DD63-43E1-94E6-2B14D568FD94}.Release|iPhoneSimulator.Deploy.0 = Release|Any CPU
		{2932D3F8-DD63-43E1-94E6-2B14D568FD94}.Release|x64.ActiveCfg = Release|Any CPU
		{2932D3F8-DD63-43E1-94E6-2B14D568FD94}.Release|x64.Build.0 = Release|Any CPU
		{2932D3F8-DD63-43E1-94E6-2B14D568FD94}.Release|x64.Deploy.0 = Release|Any CPU
		{2932D3F8-DD63-43E1-94E6-2B14D568FD94}.Release|x86.ActiveCfg = Release|Any CPU
		{2932D3F8-DD63-43E1-94E6-2B14D568FD94}.Release|x86.Build.0 = Release|Any CPU
		{2932D3F8-DD63-43E1-94E6-2B14D568FD94}.Release|x86.Deploy.0 = Release|Any CPU
		{2FADF5FB-C9C7-47E3-B4A9-A483EC86108C}.Ad-Hoc|Any CPU.ActiveCfg = Release|x86
		{2FADF5FB-C9C7-47E3-B4A9-A483EC86108C}.Ad-Hoc|Any CPU.Build.0 = Release|x86
		{2FADF5FB-C9C7-47E3-B4A9-A483EC86108C}.Ad-Hoc|Any CPU.Deploy.0 = Release|x86
		{2FADF5FB-C9C7-47E3-B4A9-A483EC86108C}.Ad-Hoc|ARM.ActiveCfg = Release|ARM
		{2FADF5FB-C9C7-47E3-B4A9-A483EC86108C}.Ad-Hoc|ARM.Build.0 = Release|ARM
		{2FADF5FB-C9C7-47E3-B4A9-A483EC86108C}.Ad-Hoc|ARM.Deploy.0 = Release|ARM
		{2FADF5FB-C9C7-47E3-B4A9-A483EC86108C}.Ad-Hoc|iPhone.ActiveCfg = Release|x86
		{2FADF5FB-C9C7-47E3-B4A9-A483EC86108C}.Ad-Hoc|iPhone.Build.0 = Release|x86
		{2FADF5FB-C9C7-47E3-B4A9-A483EC86108C}.Ad-Hoc|iPhone.Deploy.0 = Release|x86
		{2FADF5FB-C9C7-47E3-B4A9-A483EC86108C}.Ad-Hoc|iPhoneSimulator.ActiveCfg = Release|x86
		{2FADF5FB-C9C7-47E3-B4A9-A483EC86108C}.Ad-Hoc|iPhoneSimulator.Build.0 = Release|x86
		{2FADF5FB-C9C7-47E3-B4A9-A483EC86108C}.Ad-Hoc|iPhoneSimulator.Deploy.0 = Release|x86
		{2FADF5FB-C9C7-47E3-B4A9-A483EC86108C}.Ad-Hoc|x64.ActiveCfg = Release|x64
		{2FADF5FB-C9C7-47E3-B4A9-A483EC86108C}.Ad-Hoc|x64.Build.0 = Release|x64
		{2FADF5FB-C9C7-47E3-B4A9-A483EC86108C}.Ad-Hoc|x64.Deploy.0 = Release|x64
		{2FADF5FB-C9C7-47E3-B4A9-A483EC86108C}.Ad-Hoc|x86.ActiveCfg = Release|x86
		{2FADF5FB-C9C7-47E3-B4A9-A483EC86108C}.Ad-Hoc|x86.Build.0 = Release|x86
		{2FADF5FB-C9C7-47E3-B4A9-A483EC86108C}.Ad-Hoc|x86.Deploy.0 = Release|x86
		{2FADF5FB-C9C7-47E3-B4A9-A483EC86108C}.AppStore|Any CPU.ActiveCfg = Release|x86
		{2FADF5FB-C9C7-47E3-B4A9-A483EC86108C}.AppStore|Any CPU.Build.0 = Release|x86
		{2FADF5FB-C9C7-47E3-B4A9-A483EC86108C}.AppStore|Any CPU.Deploy.0 = Release|x86
		{2FADF5FB-C9C7-47E3-B4A9-A483EC86108C}.AppStore|ARM.ActiveCfg = Release|ARM
		{2FADF5FB-C9C7-47E3-B4A9-A483EC86108C}.AppStore|ARM.Build.0 = Release|ARM
		{2FADF5FB-C9C7-47E3-B4A9-A483EC86108C}.AppStore|ARM.Deploy.0 = Release|ARM
		{2FADF5FB-C9C7-47E3-B4A9-A483EC86108C}.AppStore|iPhone.ActiveCfg = Release|x86
		{2FADF5FB-C9C7-47E3-B4A9-A483EC86108C}.AppStore|iPhone.Build.0 = Release|x86
		{2FADF5FB-C9C7-47E3-B4A9-A483EC86108C}.AppStore|iPhone.Deploy.0 = Release|x86
		{2FADF5FB-C9C7-47E3-B4A9-A483EC86108C}.AppStore|iPhoneSimulator.ActiveCfg = Release|x86
		{2FADF5FB-C9C7-47E3-B4A9-A483EC86108C}.AppStore|iPhoneSimulator.Build.0 = Release|x86
		{2FADF5FB-C9C7-47E3-B4A9-A483EC86108C}.AppStore|iPhoneSimulator.Deploy.0 = Release|x86
		{2FADF5FB-C9C7-47E3-B4A9-A483EC86108C}.AppStore|x64.ActiveCfg = Release|x64
		{2FADF5FB-C9C7-47E3-B4A9-A483EC86108C}.AppStore|x64.Build.0 = Release|x64
		{2FADF5FB-C9C7-47E3-B4A9-A483EC86108C}.AppStore|x64.Deploy.0 = Release|x64
		{2FADF5FB-C9C7-47E3-B4A9-A483EC86108C}.AppStore|x86.ActiveCfg = Release|x86
		{2FADF5FB-C9C7-47E3-B4A9-A483EC86108C}.AppStore|x86.Build.0 = Release|x86
		{2FADF5FB-C9C7-47E3-B4A9-A483EC86108C}.AppStore|x86.Deploy.0 = Release|x86
		{2FADF5FB-C9C7-47E3-B4A9-A483EC86108C}.Debug|Any CPU.ActiveCfg = Debug|x86
		{2FADF5FB-C9C7-47E3-B4A9-A483EC86108C}.Debug|ARM.ActiveCfg = Debug|ARM
		{2FADF5FB-C9C7-47E3-B4A9-A483EC86108C}.Debug|ARM.Build.0 = Debug|ARM
		{2FADF5FB-C9C7-47E3-B4A9-A483EC86108C}.Debug|ARM.Deploy.0 = Debug|ARM
		{2FADF5FB-C9C7-47E3-B4A9-A483EC86108C}.Debug|iPhone.ActiveCfg = Debug|x86
		{2FADF5FB-C9C7-47E3-B4A9-A483EC86108C}.Debug|iPhoneSimulator.ActiveCfg = Debug|x86
		{2FADF5FB-C9C7-47E3-B4A9-A483EC86108C}.Debug|x64.ActiveCfg = Debug|x64
		{2FADF5FB-C9C7-47E3-B4A9-A483EC86108C}.Debug|x64.Build.0 = Debug|x64
		{2FADF5FB-C9C7-47E3-B4A9-A483EC86108C}.Debug|x64.Deploy.0 = Debug|x64
		{2FADF5FB-C9C7-47E3-B4A9-A483EC86108C}.Debug|x86.ActiveCfg = Debug|x86
		{2FADF5FB-C9C7-47E3-B4A9-A483EC86108C}.Debug|x86.Build.0 = Debug|x86
		{2FADF5FB-C9C7-47E3-B4A9-A483EC86108C}.Debug|x86.Deploy.0 = Debug|x86
		{2FADF5FB-C9C7-47E3-B4A9-A483EC86108C}.Release|Any CPU.ActiveCfg = Release|x86
		{2FADF5FB-C9C7-47E3-B4A9-A483EC86108C}.Release|ARM.ActiveCfg = Release|ARM
		{2FADF5FB-C9C7-47E3-B4A9-A483EC86108C}.Release|ARM.Build.0 = Release|ARM
		{2FADF5FB-C9C7-47E3-B4A9-A483EC86108C}.Release|ARM.Deploy.0 = Release|ARM
		{2FADF5FB-C9C7-47E3-B4A9-A483EC86108C}.Release|iPhone.ActiveCfg = Release|x86
		{2FADF5FB-C9C7-47E3-B4A9-A483EC86108C}.Release|iPhoneSimulator.ActiveCfg = Release|x86
		{2FADF5FB-C9C7-47E3-B4A9-A483EC86108C}.Release|x64.ActiveCfg = Release|x64
		{2FADF5FB-C9C7-47E3-B4A9-A483EC86108C}.Release|x64.Build.0 = Release|x64
		{2FADF5FB-C9C7-47E3-B4A9-A483EC86108C}.Release|x64.Deploy.0 = Release|x64
		{2FADF5FB-C9C7-47E3-B4A9-A483EC86108C}.Release|x86.ActiveCfg = Release|x86
		{2FADF5FB-C9C7-47E3-B4A9-A483EC86108C}.Release|x86.Build.0 = Release|x86
		{2FADF5FB-C9C7-47E3-B4A9-A483EC86108C}.Release|x86.Deploy.0 = Release|x86
		{66750CFB-B3C3-4621-93F3-CB74216BF5AC}.Ad-Hoc|Any CPU.ActiveCfg = Debug|Any CPU
		{66750CFB-B3C3-4621-93F3-CB74216BF5AC}.Ad-Hoc|Any CPU.Build.0 = Debug|Any CPU
		{66750CFB-B3C3-4621-93F3-CB74216BF5AC}.Ad-Hoc|ARM.ActiveCfg = Debug|Any CPU
		{66750CFB-B3C3-4621-93F3-CB74216BF5AC}.Ad-Hoc|ARM.Build.0 = Debug|Any CPU
		{66750CFB-B3C3-4621-93F3-CB74216BF5AC}.Ad-Hoc|iPhone.ActiveCfg = Debug|Any CPU
		{66750CFB-B3C3-4621-93F3-CB74216BF5AC}.Ad-Hoc|iPhone.Build.0 = Debug|Any CPU
		{66750CFB-B3C3-4621-93F3-CB74216BF5AC}.Ad-Hoc|iPhoneSimulator.ActiveCfg = Debug|Any CPU
		{66750CFB-B3C3-4621-93F3-CB74216BF5AC}.Ad-Hoc|iPhoneSimulator.Build.0 = Debug|Any CPU
		{66750CFB-B3C3-4621-93F3-CB74216BF5AC}.Ad-Hoc|x64.ActiveCfg = Debug|Any CPU
		{66750CFB-B3C3-4621-93F3-CB74216BF5AC}.Ad-Hoc|x64.Build.0 = Debug|Any CPU
		{66750CFB-B3C3-4621-93F3-CB74216BF5AC}.Ad-Hoc|x86.ActiveCfg = Debug|Any CPU
		{66750CFB-B3C3-4621-93F3-CB74216BF5AC}.Ad-Hoc|x86.Build.0 = Debug|Any CPU
		{66750CFB-B3C3-4621-93F3-CB74216BF5AC}.AppStore|Any CPU.ActiveCfg = Debug|Any CPU
		{66750CFB-B3C3-4621-93F3-CB74216BF5AC}.AppStore|Any CPU.Build.0 = Debug|Any CPU
		{66750CFB-B3C3-4621-93F3-CB74216BF5AC}.AppStore|ARM.ActiveCfg = Debug|Any CPU
		{66750CFB-B3C3-4621-93F3-CB74216BF5AC}.AppStore|ARM.Build.0 = Debug|Any CPU
		{66750CFB-B3C3-4621-93F3-CB74216BF5AC}.AppStore|iPhone.ActiveCfg = Debug|Any CPU
		{66750CFB-B3C3-4621-93F3-CB74216BF5AC}.AppStore|iPhone.Build.0 = Debug|Any CPU
		{66750CFB-B3C3-4621-93F3-CB74216BF5AC}.AppStore|iPhoneSimulator.ActiveCfg = Debug|Any CPU
		{66750CFB-B3C3-4621-93F3-CB74216BF5AC}.AppStore|iPhoneSimulator.Build.0 = Debug|Any CPU
		{66750CFB-B3C3-4621-93F3-CB74216BF5AC}.AppStore|x64.ActiveCfg = Debug|Any CPU
		{66750CFB-B3C3-4621-93F3-CB74216BF5AC}.AppStore|x64.Build.0 = Debug|Any CPU
		{66750CFB-B3C3-4621-93F3-CB74216BF5AC}.AppStore|x86.ActiveCfg = Debug|Any CPU
		{66750CFB-B3C3-4621-93F3-CB74216BF5AC}.AppStore|x86.Build.0 = Debug|Any CPU
		{66750CFB-B3C3-4621-93F3-CB74216BF5AC}.Debug|Any CPU.ActiveCfg = Debug|Any CPU
		{66750CFB-B3C3-4621-93F3-CB74216BF5AC}.Debug|Any CPU.Build.0 = Debug|Any CPU
		{66750CFB-B3C3-4621-93F3-CB74216BF5AC}.Debug|ARM.ActiveCfg = Debug|Any CPU
		{66750CFB-B3C3-4621-93F3-CB74216BF5AC}.Debug|ARM.Build.0 = Debug|Any CPU
		{66750CFB-B3C3-4621-93F3-CB74216BF5AC}.Debug|iPhone.ActiveCfg = Debug|Any CPU
		{66750CFB-B3C3-4621-93F3-CB74216BF5AC}.Debug|iPhone.Build.0 = Debug|Any CPU
		{66750CFB-B3C3-4621-93F3-CB74216BF5AC}.Debug|iPhoneSimulator.ActiveCfg = Debug|Any CPU
		{66750CFB-B3C3-4621-93F3-CB74216BF5AC}.Debug|iPhoneSimulator.Build.0 = Debug|Any CPU
		{66750CFB-B3C3-4621-93F3-CB74216BF5AC}.Debug|x64.ActiveCfg = Debug|Any CPU
		{66750CFB-B3C3-4621-93F3-CB74216BF5AC}.Debug|x64.Build.0 = Debug|Any CPU
		{66750CFB-B3C3-4621-93F3-CB74216BF5AC}.Debug|x86.ActiveCfg = Debug|Any CPU
		{66750CFB-B3C3-4621-93F3-CB74216BF5AC}.Debug|x86.Build.0 = Debug|Any CPU
		{66750CFB-B3C3-4621-93F3-CB74216BF5AC}.Release|Any CPU.ActiveCfg = Release|Any CPU
		{66750CFB-B3C3-4621-93F3-CB74216BF5AC}.Release|Any CPU.Build.0 = Release|Any CPU
		{66750CFB-B3C3-4621-93F3-CB74216BF5AC}.Release|ARM.ActiveCfg = Release|Any CPU
		{66750CFB-B3C3-4621-93F3-CB74216BF5AC}.Release|ARM.Build.0 = Release|Any CPU
		{66750CFB-B3C3-4621-93F3-CB74216BF5AC}.Release|iPhone.ActiveCfg = Release|Any CPU
		{66750CFB-B3C3-4621-93F3-CB74216BF5AC}.Release|iPhone.Build.0 = Release|Any CPU
		{66750CFB-B3C3-4621-93F3-CB74216BF5AC}.Release|iPhoneSimulator.ActiveCfg = Release|Any CPU
		{66750CFB-B3C3-4621-93F3-CB74216BF5AC}.Release|iPhoneSimulator.Build.0 = Release|Any CPU
		{66750CFB-B3C3-4621-93F3-CB74216BF5AC}.Release|x64.ActiveCfg = Release|Any CPU
		{66750CFB-B3C3-4621-93F3-CB74216BF5AC}.Release|x64.Build.0 = Release|Any CPU
		{66750CFB-B3C3-4621-93F3-CB74216BF5AC}.Release|x86.ActiveCfg = Release|Any CPU
		{66750CFB-B3C3-4621-93F3-CB74216BF5AC}.Release|x86.Build.0 = Release|Any CPU
		{8FCA78EB-CDC8-4C76-ABC9-EF0DF9B08006}.Ad-Hoc|Any CPU.ActiveCfg = Release|iPhone
		{8FCA78EB-CDC8-4C76-ABC9-EF0DF9B08006}.Ad-Hoc|Any CPU.Build.0 = Release|iPhone
		{8FCA78EB-CDC8-4C76-ABC9-EF0DF9B08006}.Ad-Hoc|ARM.ActiveCfg = Release|iPhone
		{8FCA78EB-CDC8-4C76-ABC9-EF0DF9B08006}.Ad-Hoc|ARM.Build.0 = Release|iPhone
		{8FCA78EB-CDC8-4C76-ABC9-EF0DF9B08006}.Ad-Hoc|iPhone.ActiveCfg = Release|iPhone
		{8FCA78EB-CDC8-4C76-ABC9-EF0DF9B08006}.Ad-Hoc|iPhone.Build.0 = Release|iPhone
		{8FCA78EB-CDC8-4C76-ABC9-EF0DF9B08006}.Ad-Hoc|iPhoneSimulator.ActiveCfg = Release|iPhoneSimulator
		{8FCA78EB-CDC8-4C76-ABC9-EF0DF9B08006}.Ad-Hoc|iPhoneSimulator.Build.0 = Release|iPhoneSimulator
		{8FCA78EB-CDC8-4C76-ABC9-EF0DF9B08006}.Ad-Hoc|x64.ActiveCfg = Release|iPhone
		{8FCA78EB-CDC8-4C76-ABC9-EF0DF9B08006}.Ad-Hoc|x64.Build.0 = Release|iPhone
		{8FCA78EB-CDC8-4C76-ABC9-EF0DF9B08006}.Ad-Hoc|x86.ActiveCfg = Release|iPhone
		{8FCA78EB-CDC8-4C76-ABC9-EF0DF9B08006}.Ad-Hoc|x86.Build.0 = Release|iPhone
		{8FCA78EB-CDC8-4C76-ABC9-EF0DF9B08006}.AppStore|Any CPU.ActiveCfg = Release|iPhone
		{8FCA78EB-CDC8-4C76-ABC9-EF0DF9B08006}.AppStore|Any CPU.Build.0 = Release|iPhone
		{8FCA78EB-CDC8-4C76-ABC9-EF0DF9B08006}.AppStore|ARM.ActiveCfg = Release|iPhone
		{8FCA78EB-CDC8-4C76-ABC9-EF0DF9B08006}.AppStore|ARM.Build.0 = Release|iPhone
		{8FCA78EB-CDC8-4C76-ABC9-EF0DF9B08006}.AppStore|iPhone.ActiveCfg = Debug|iPhone
		{8FCA78EB-CDC8-4C76-ABC9-EF0DF9B08006}.AppStore|iPhone.Build.0 = Debug|iPhone
		{8FCA78EB-CDC8-4C76-ABC9-EF0DF9B08006}.AppStore|iPhoneSimulator.ActiveCfg = Release|iPhoneSimulator
		{8FCA78EB-CDC8-4C76-ABC9-EF0DF9B08006}.AppStore|iPhoneSimulator.Build.0 = Release|iPhoneSimulator
		{8FCA78EB-CDC8-4C76-ABC9-EF0DF9B08006}.AppStore|x64.ActiveCfg = Release|iPhone
		{8FCA78EB-CDC8-4C76-ABC9-EF0DF9B08006}.AppStore|x64.Build.0 = Release|iPhone
		{8FCA78EB-CDC8-4C76-ABC9-EF0DF9B08006}.AppStore|x86.ActiveCfg = Release|iPhone
		{8FCA78EB-CDC8-4C76-ABC9-EF0DF9B08006}.AppStore|x86.Build.0 = Release|iPhone
		{8FCA78EB-CDC8-4C76-ABC9-EF0DF9B08006}.Debug|Any CPU.ActiveCfg = Debug|iPhone
		{8FCA78EB-CDC8-4C76-ABC9-EF0DF9B08006}.Debug|ARM.ActiveCfg = Debug|iPhone
		{8FCA78EB-CDC8-4C76-ABC9-EF0DF9B08006}.Debug|iPhone.ActiveCfg = Debug|iPhone
		{8FCA78EB-CDC8-4C76-ABC9-EF0DF9B08006}.Debug|iPhone.Build.0 = Debug|iPhone
		{8FCA78EB-CDC8-4C76-ABC9-EF0DF9B08006}.Debug|iPhoneSimulator.ActiveCfg = Debug|iPhoneSimulator
		{8FCA78EB-CDC8-4C76-ABC9-EF0DF9B08006}.Debug|iPhoneSimulator.Build.0 = Debug|iPhoneSimulator
		{8FCA78EB-CDC8-4C76-ABC9-EF0DF9B08006}.Debug|x64.ActiveCfg = Debug|iPhone
		{8FCA78EB-CDC8-4C76-ABC9-EF0DF9B08006}.Debug|x86.ActiveCfg = Debug|iPhone
		{8FCA78EB-CDC8-4C76-ABC9-EF0DF9B08006}.Release|Any CPU.ActiveCfg = Release|iPhone
		{8FCA78EB-CDC8-4C76-ABC9-EF0DF9B08006}.Release|ARM.ActiveCfg = Release|iPhone
		{8FCA78EB-CDC8-4C76-ABC9-EF0DF9B08006}.Release|iPhone.ActiveCfg = Release|iPhone
		{8FCA78EB-CDC8-4C76-ABC9-EF0DF9B08006}.Release|iPhone.Build.0 = Release|iPhone
		{8FCA78EB-CDC8-4C76-ABC9-EF0DF9B08006}.Release|iPhoneSimulator.ActiveCfg = Release|iPhoneSimulator
		{8FCA78EB-CDC8-4C76-ABC9-EF0DF9B08006}.Release|iPhoneSimulator.Build.0 = Release|iPhoneSimulator
		{8FCA78EB-CDC8-4C76-ABC9-EF0DF9B08006}.Release|x64.ActiveCfg = Release|iPhone
		{8FCA78EB-CDC8-4C76-ABC9-EF0DF9B08006}.Release|x86.ActiveCfg = Release|iPhone
	EndGlobalSection
	GlobalSection(SolutionProperties) = preSolution
		HideSolutionNode = FALSE
	EndGlobalSection
	GlobalSection(ExtensibilityGlobals) = postSolution
		SolutionGuid = {AEDE8B10-3BD0-4994-80FC-67504D65B706}
	EndGlobalSection
EndGlobal
